
Microsoft Visual Studio Solution File, Format Version 12.00
# Visual Studio 15
VisualStudioVersion = 15.0.27428.2037
MinimumVisualStudioVersion = 10.0.40219.1
Project("{FAE04EC0-301F-11D3-BF4B-00C04F79EFBC}") = "DotnetBambooSpecs.SampleProject", "SampleProject\DotnetBambooSpecs.SampleProject.csproj", "{F36C4083-3398-4C44-A614-76DB4FC884A8}"
EndProject
Project("{FAE04EC0-301F-11D3-BF4B-00C04F79EFBC}") = "DotnetBambooSpecs.SampleProject.UnitTests", "UnitTests\DotnetBambooSpecs.SampleProject.UnitTests.csproj", "{F9F4C81E-C6F5-4763-99C1-EA728851592F}"
EndProject
Global
	GlobalSection(SolutionConfigurationPlatforms) = preSolution
		Debug|Any CPU = Debug|Any CPU
		Release|Any CPU = Release|Any CPU
	EndGlobalSection
	GlobalSection(ProjectConfigurationPlatforms) = postSolution
		{F36C4083-3398-4C44-A614-76DB4FC884A8}.Debug|Any CPU.ActiveCfg = Debug|Any CPU
		{F36C4083-3398-4C44-A614-76DB4FC884A8}.Debug|Any CPU.Build.0 = Debug|Any CPU
		{F36C4083-3398-4C44-A614-76DB4FC884A8}.Release|Any CPU.ActiveCfg = Release|Any CPU
		{F36C4083-3398-4C44-A614-76DB4FC884A8}.Release|Any CPU.Build.0 = Release|Any CPU
		{F9F4C81E-C6F5-4763-99C1-EA728851592F}.Debug|Any CPU.ActiveCfg = Debug|Any CPU
		{F9F4C81E-C6F5-4763-99C1-EA728851592F}.Debug|Any CPU.Build.0 = Debug|Any CPU
		{F9F4C81E-C6F5-4763-99C1-EA728851592F}.Release|Any CPU.ActiveCfg = Release|Any CPU
		{F9F4C81E-C6F5-4763-99C1-EA728851592F}.Release|Any CPU.Build.0 = Release|Any CPU
	EndGlobalSection
	GlobalSection(SolutionProperties) = preSolution
		HideSolutionNode = FALSE
	EndGlobalSection
	GlobalSection(ExtensibilityGlobals) = postSolution
		SolutionGuid = {A6D1DA3E-D65D-48D9-9FBE-88593073950B}
	EndGlobalSection
EndGlobal
